
Microsoft Visual Studio Solution File, Format Version 12.00
# Visual Studio 2013
VisualStudioVersion = 12.0.40629.0
MinimumVisualStudioVersion = 10.0.40219.1
Project("{FAE04EC0-301F-11D3-BF4B-00C04F79EFBC}") = "BookShop", "BookShop\BookShop.csproj", "{58DD6700-674E-4DDA-8D13-FEF854FE6050}"
EndProject
Project("{2150E333-8FDC-42A3-9474-1A3956D46DE8}") = "1.Presentation Layer", "1.Presentation Layer", "{60B73195-7A4B-422F-9F57-D77D22FC736D}"
EndProject
Project("{2150E333-8FDC-42A3-9474-1A3956D46DE8}") = "2.Service Layer", "2.Service Layer", "{7EECF849-443D-4112-9D35-E0740CE690E2}"
EndProject
Project("{2150E333-8FDC-42A3-9474-1A3956D46DE8}") = "3.DataSource Layer", "3.DataSource Layer", "{5B9052B0-F654-42D4-A380-62503C1C34A1}"
EndProject
Project("{FAE04EC0-301F-11D3-BF4B-00C04F79EFBC}") = "Service", "Service\Service.csproj", "{CE15BE5B-66FE-44AA-939F-8D63E812E06E}"
EndProject
Project("{FAE04EC0-301F-11D3-BF4B-00C04F79EFBC}") = "Repository", "Repository\Repository.csproj", "{85541D47-0A41-40C8-97B0-F2298148BF38}"
EndProject
Project("{FAE04EC0-301F-11D3-BF4B-00C04F79EFBC}") = "ShoppingDB", "ShoppingDB\ShoppingDB.csproj", "{4FC66CEF-1F67-4527-B4E8-D79140EF6039}"
EndProject
Global
	GlobalSection(SolutionConfigurationPlatforms) = preSolution
		Debug|Any CPU = Debug|Any CPU
		Release|Any CPU = Release|Any CPU
	EndGlobalSection
	GlobalSection(ProjectConfigurationPlatforms) = postSolution
		{58DD6700-674E-4DDA-8D13-FEF854FE6050}.Debug|Any CPU.ActiveCfg = Debug|Any CPU
		{58DD6700-674E-4DDA-8D13-FEF854FE6050}.Debug|Any CPU.Build.0 = Debug|Any CPU
		{58DD6700-674E-4DDA-8D13-FEF854FE6050}.Release|Any CPU.ActiveCfg = Release|Any CPU
		{58DD6700-674E-4DDA-8D13-FEF854FE6050}.Release|Any CPU.Build.0 = Release|Any CPU
		{CE15BE5B-66FE-44AA-939F-8D63E812E06E}.Debug|Any CPU.ActiveCfg = Debug|Any CPU
		{CE15BE5B-66FE-44AA-939F-8D63E812E06E}.Debug|Any CPU.Build.0 = Debug|Any CPU
		{CE15BE5B-66FE-44AA-939F-8D63E812E06E}.Release|Any CPU.ActiveCfg = Release|Any CPU
		{CE15BE5B-66FE-44AA-939F-8D63E812E06E}.Release|Any CPU.Build.0 = Release|Any CPU
		{85541D47-0A41-40C8-97B0-F2298148BF38}.Debug|Any CPU.ActiveCfg = Debug|Any CPU
		{85541D47-0A41-40C8-97B0-F2298148BF38}.Debug|Any CPU.Build.0 = Debug|Any CPU
		{85541D47-0A41-40C8-97B0-F2298148BF38}.Release|Any CPU.ActiveCfg = Release|Any CPU
		{85541D47-0A41-40C8-97B0-F2298148BF38}.Release|Any CPU.Build.0 = Release|Any CPU
		{4FC66CEF-1F67-4527-B4E8-D79140EF6039}.Debug|Any CPU.ActiveCfg = Debug|Any CPU
		{4FC66CEF-1F67-4527-B4E8-D79140EF6039}.Debug|Any CPU.Build.0 = Debug|Any CPU
		{4FC66CEF-1F67-4527-B4E8-D79140EF6039}.Release|Any CPU.ActiveCfg = Release|Any CPU
		{4FC66CEF-1F67-4527-B4E8-D79140EF6039}.Release|Any CPU.Build.0 = Release|Any CPU
	EndGlobalSection
	GlobalSection(SolutionProperties) = preSolution
		HideSolutionNode = FALSE
	EndGlobalSection
	GlobalSection(NestedProjects) = preSolution
		{58DD6700-674E-4DDA-8D13-FEF854FE6050} = {60B73195-7A4B-422F-9F57-D77D22FC736D}
		{CE15BE5B-66FE-44AA-939F-8D63E812E06E} = {7EECF849-443D-4112-9D35-E0740CE690E2}
		{85541D47-0A41-40C8-97B0-F2298148BF38} = {5B9052B0-F654-42D4-A380-62503C1C34A1}
		{4FC66CEF-1F67-4527-B4E8-D79140EF6039} = {5B9052B0-F654-42D4-A380-62503C1C34A1}
	EndGlobalSection
EndGlobal
